
Microsoft Visual Studio Solution File, Format Version 12.00
# Visual Studio Version 17
VisualStudioVersion = 17.11.35222.181
MinimumVisualStudioVersion = 10.0.40219.1
Project("{9A19103F-16F7-4668-BE54-9A1E7A4F7556}") = "Product.Api", "Product.Api\Product.Api.csproj", "{BB12DE0E-4D30-4FF8-86C7-CA03B48246CD}"
EndProject
Project("{9A19103F-16F7-4668-BE54-9A1E7A4F7556}") = "Product.Api.IntegrationTest", "Product.Api.IntegrationTest\Product.Api.IntegrationTest.csproj", "{71E9B9EC-0061-419E-969A-0D2898BCB701}"
EndProject
Project("{2150E333-8FDC-42A3-9474-1A3956D46DE8}") = "Solution Items", "Solution Items", "{6DD3020B-08D5-47CE-BBE8-6EE8F432C55D}"
EndProject
Project("{9A19103F-16F7-4668-BE54-9A1E7A4F7556}") = "Product.Api.UnitTest", "Product.Api.UnitTest\Product.Api.UnitTest.csproj", "{B64BC0F3-E739-4133-9401-D3C2ED81DDE0}"
EndProject
Project("{E53339B2-1760-4266-BCC7-CA923CBCF16C}") = "docker-compose", "docker-compose.dcproj", "{CE941BE4-19C7-4F7B-BC1E-7F9808209F73}"
EndProject
Global
	GlobalSection(SolutionConfigurationPlatforms) = preSolution
		Debug|Any CPU = Debug|Any CPU
		Release|Any CPU = Release|Any CPU
		Staging|Any CPU = Staging|Any CPU
	EndGlobalSection
	GlobalSection(ProjectConfigurationPlatforms) = postSolution
		{BB12DE0E-4D30-4FF8-86C7-CA03B48246CD}.Debug|Any CPU.ActiveCfg = Debug|Any CPU
		{BB12DE0E-4D30-4FF8-86C7-CA03B48246CD}.Debug|Any CPU.Build.0 = Debug|Any CPU
		{BB12DE0E-4D30-4FF8-86C7-CA03B48246CD}.Release|Any CPU.ActiveCfg = Release|Any CPU
		{BB12DE0E-4D30-4FF8-86C7-CA03B48246CD}.Release|Any CPU.Build.0 = Release|Any CPU
		{BB12DE0E-4D30-4FF8-86C7-CA03B48246CD}.Staging|Any CPU.ActiveCfg = Staging|Any CPU
		{BB12DE0E-4D30-4FF8-86C7-CA03B48246CD}.Staging|Any CPU.Build.0 = Staging|Any CPU
		{71E9B9EC-0061-419E-969A-0D2898BCB701}.Debug|Any CPU.ActiveCfg = Debug|Any CPU
		{71E9B9EC-0061-419E-969A-0D2898BCB701}.Debug|Any CPU.Build.0 = Debug|Any CPU
		{71E9B9EC-0061-419E-969A-0D2898BCB701}.Release|Any CPU.ActiveCfg = Release|Any CPU
		{71E9B9EC-0061-419E-969A-0D2898BCB701}.Release|Any CPU.Build.0 = Release|Any CPU
		{71E9B9EC-0061-419E-969A-0D2898BCB701}.Staging|Any CPU.ActiveCfg = Staging|Any CPU
		{71E9B9EC-0061-419E-969A-0D2898BCB701}.Staging|Any CPU.Build.0 = Staging|Any CPU
		{B64BC0F3-E739-4133-9401-D3C2ED81DDE0}.Debug|Any CPU.ActiveCfg = Debug|Any CPU
		{B64BC0F3-E739-4133-9401-D3C2ED81DDE0}.Debug|Any CPU.Build.0 = Debug|Any CPU
		{B64BC0F3-E739-4133-9401-D3C2ED81DDE0}.Release|Any CPU.ActiveCfg = Release|Any CPU
		{B64BC0F3-E739-4133-9401-D3C2ED81DDE0}.Release|Any CPU.Build.0 = Release|Any CPU
		{B64BC0F3-E739-4133-9401-D3C2ED81DDE0}.Staging|Any CPU.ActiveCfg = Staging|Any CPU
		{B64BC0F3-E739-4133-9401-D3C2ED81DDE0}.Staging|Any CPU.Build.0 = Staging|Any CPU
		{CE941BE4-19C7-4F7B-BC1E-7F9808209F73}.Debug|Any CPU.ActiveCfg = fffffff|Any CPU
		{CE941BE4-19C7-4F7B-BC1E-7F9808209F73}.Release|Any CPU.ActiveCfg = fffffff|Any CPU
		{CE941BE4-19C7-4F7B-BC1E-7F9808209F73}.Staging|Any CPU.ActiveCfg = fffffff|Any CPU
		{CE941BE4-19C7-4F7B-BC1E-7F9808209F73}.Staging|Any CPU.Build.0 = fffffff|Any CPU
	EndGlobalSection
	GlobalSection(SolutionProperties) = preSolution
		HideSolutionNode = FALSE
	EndGlobalSection
	GlobalSection(ExtensibilityGlobals) = postSolution
		SolutionGuid = {C7EF3816-CC3E-46EE-9F83-9585315C6EA2}
	EndGlobalSection
EndGlobal
